
Microsoft Visual Studio Solution File, Format Version 11.00
# Visual Studio 2010
# SharpDevelop 5.1
Project("{FAE04EC0-301F-11D3-BF4B-00C04F79EFBC}") = "dunder_mifflin", "dunder_mifflin\dunder_mifflin.csproj", "{5FEBE3B3-DBB5-4E31-8387-82B4AD63E4CB}"
EndProject
Global
	GlobalSection(SolutionConfigurationPlatforms) = preSolution
		Debug|Any CPU = Debug|Any CPU
		Release|Any CPU = Release|Any CPU
	EndGlobalSection
	GlobalSection(ProjectConfigurationPlatforms) = postSolution
		{5FEBE3B3-DBB5-4E31-8387-82B4AD63E4CB}.Debug|Any CPU.ActiveCfg = Debug|Any CPU
		{5FEBE3B3-DBB5-4E31-8387-82B4AD63E4CB}.Debug|Any CPU.Build.0 = Debug|Any CPU
		{5FEBE3B3-DBB5-4E31-8387-82B4AD63E4CB}.Release|Any CPU.ActiveCfg = Release|Any CPU
		{5FEBE3B3-DBB5-4E31-8387-82B4AD63E4CB}.Release|Any CPU.Build.0 = Release|Any CPU
	EndGlobalSection
EndGlobal
